
Microsoft Visual Studio Solution File, Format Version 12.00
# Visual Studio Version 17
VisualStudioVersion = 17.9.34701.34
MinimumVisualStudioVersion = 10.0.40219.1
Project("{FAE04EC0-301F-11D3-BF4B-00C04F79EFBC}") = "hitung_ipk_mahasiswa", "hitung_ipk_mahasiswa\hitung_ipk_mahasiswa.csproj", "{D709F8B4-5A19-43E6-A586-ED5A0A0EFE43}"
EndProject
Global
	GlobalSection(SolutionConfigurationPlatforms) = preSolution
		Debug|Any CPU = Debug|Any CPU
		Release|Any CPU = Release|Any CPU
	EndGlobalSection
	GlobalSection(ProjectConfigurationPlatforms) = postSolution
		{D709F8B4-5A19-43E6-A586-ED5A0A0EFE43}.Debug|Any CPU.ActiveCfg = Debug|Any CPU
		{D709F8B4-5A19-43E6-A586-ED5A0A0EFE43}.Debug|Any CPU.Build.0 = Debug|Any CPU
		{D709F8B4-5A19-43E6-A586-ED5A0A0EFE43}.Release|Any CPU.ActiveCfg = Release|Any CPU
		{D709F8B4-5A19-43E6-A586-ED5A0A0EFE43}.Release|Any CPU.Build.0 = Release|Any CPU
	EndGlobalSection
	GlobalSection(SolutionProperties) = preSolution
		HideSolutionNode = FALSE
	EndGlobalSection
	GlobalSection(ExtensibilityGlobals) = postSolution
		SolutionGuid = {E3B53D10-2B77-48DB-94FA-B9A24F1A6428}
	EndGlobalSection
EndGlobal
