
Microsoft Visual Studio Solution File, Format Version 12.00
# Visual Studio Version 17
VisualStudioVersion = 17.9.34701.34
MinimumVisualStudioVersion = 10.0.40219.1
Project("{9A19103F-16F7-4668-BE54-9A1E7A4F7556}") = "FormTambah", "FormTambah.csproj", "{9CE4D2A4-BE84-4B87-ABC0-B26EBC004893}"
EndProject
Global
	GlobalSection(SolutionConfigurationPlatforms) = preSolution
		Debug|Any CPU = Debug|Any CPU
		Release|Any CPU = Release|Any CPU
	EndGlobalSection
	GlobalSection(ProjectConfigurationPlatforms) = postSolution
		{9CE4D2A4-BE84-4B87-ABC0-B26EBC004893}.Debug|Any CPU.ActiveCfg = Debug|Any CPU
		{9CE4D2A4-BE84-4B87-ABC0-B26EBC004893}.Debug|Any CPU.Build.0 = Debug|Any CPU
		{9CE4D2A4-BE84-4B87-ABC0-B26EBC004893}.Release|Any CPU.ActiveCfg = Release|Any CPU
		{9CE4D2A4-BE84-4B87-ABC0-B26EBC004893}.Release|Any CPU.Build.0 = Release|Any CPU
	EndGlobalSection
	GlobalSection(SolutionProperties) = preSolution
		HideSolutionNode = FALSE
	EndGlobalSection
	GlobalSection(ExtensibilityGlobals) = postSolution
		SolutionGuid = {EDC5DF8C-345C-4C36-A350-743E75E13260}
	EndGlobalSection
EndGlobal
