
Microsoft Visual Studio Solution File, Format Version 12.00
# Visual Studio Version 17
VisualStudioVersion = 17.9.34701.34
MinimumVisualStudioVersion = 10.0.40219.1
Project("{FAE04EC0-301F-11D3-BF4B-00C04F79EFBC}") = "bubble sort", "bubble sort.csproj", "{CCDCF1BB-8D65-4821-8103-9E8CDD04AE0D}"
EndProject
Global
	GlobalSection(SolutionConfigurationPlatforms) = preSolution
		Debug|Any CPU = Debug|Any CPU
		Release|Any CPU = Release|Any CPU
	EndGlobalSection
	GlobalSection(ProjectConfigurationPlatforms) = postSolution
		{CCDCF1BB-8D65-4821-8103-9E8CDD04AE0D}.Debug|Any CPU.ActiveCfg = Debug|Any CPU
		{CCDCF1BB-8D65-4821-8103-9E8CDD04AE0D}.Debug|Any CPU.Build.0 = Debug|Any CPU
		{CCDCF1BB-8D65-4821-8103-9E8CDD04AE0D}.Release|Any CPU.ActiveCfg = Release|Any CPU
		{CCDCF1BB-8D65-4821-8103-9E8CDD04AE0D}.Release|Any CPU.Build.0 = Release|Any CPU
	EndGlobalSection
	GlobalSection(SolutionProperties) = preSolution
		HideSolutionNode = FALSE
	EndGlobalSection
	GlobalSection(ExtensibilityGlobals) = postSolution
		SolutionGuid = {F5967A4A-F3E0-4BAC-B50A-2591E3A23ADC}
	EndGlobalSection
EndGlobal
