
Microsoft Visual Studio Solution File, Format Version 12.00
# Visual Studio Version 17
VisualStudioVersion = 17.9.34701.34
MinimumVisualStudioVersion = 10.0.40219.1
Project("{FAE04EC0-301F-11D3-BF4B-00C04F79EFBC}") = "uts_8020230033", "uts_8020230033.csproj", "{EAB6E129-175E-4D39-AC07-278D00B75796}"
EndProject
Global
	GlobalSection(SolutionConfigurationPlatforms) = preSolution
		Debug|Any CPU = Debug|Any CPU
		Release|Any CPU = Release|Any CPU
	EndGlobalSection
	GlobalSection(ProjectConfigurationPlatforms) = postSolution
		{EAB6E129-175E-4D39-AC07-278D00B75796}.Debug|Any CPU.ActiveCfg = Debug|Any CPU
		{EAB6E129-175E-4D39-AC07-278D00B75796}.Debug|Any CPU.Build.0 = Debug|Any CPU
		{EAB6E129-175E-4D39-AC07-278D00B75796}.Release|Any CPU.ActiveCfg = Release|Any CPU
		{EAB6E129-175E-4D39-AC07-278D00B75796}.Release|Any CPU.Build.0 = Release|Any CPU
	EndGlobalSection
	GlobalSection(SolutionProperties) = preSolution
		HideSolutionNode = FALSE
	EndGlobalSection
	GlobalSection(ExtensibilityGlobals) = postSolution
		SolutionGuid = {49FA5C34-2C5F-4BF0-91CD-5069B2A895A3}
	EndGlobalSection
EndGlobal
